
Microsoft Visual Studio Solution File, Format Version 12.00
# Visual Studio Version 16
VisualStudioVersion = 16.0.31205.134
MinimumVisualStudioVersion = 10.0.40219.1
Project("{8BC9CEB8-8B4A-11D0-8D11-00A0C91BC942}") = "chapter01_변수_비트연산", "chapter01\chapter01.vcxproj", "{5C2A7F13-65FF-4D3D-81A9-5CC277F629B6}"
EndProject
Project("{8BC9CEB8-8B4A-11D0-8D11-00A0C91BC942}") = "chapter02_배열_사이즈크기", "chapter02\chapter02.vcxproj", "{846B91AE-5293-44AF-B446-9569363C76CC}"
EndProject
Project("{8BC9CEB8-8B4A-11D0-8D11-00A0C91BC942}") = "chapter03_네임스페이스", "chapter03\chapter03.vcxproj", "{669C99BD-05B9-4B69-83A2-D656B51FF8EB}"
EndProject
Project("{8BC9CEB8-8B4A-11D0-8D11-00A0C91BC942}") = "chapter04_함수", "chapter04\chapter04.vcxproj", "{2169CE95-D25E-4E60-9C3B-1770C1409F0D}"
EndProject
Project("{8BC9CEB8-8B4A-11D0-8D11-00A0C91BC942}") = "chapter05_enum", "chapter05\chapter05.vcxproj", "{9A84E36E-1E9B-4118-B4C5-83C6E99F0B1C}"
EndProject
Project("{8BC9CEB8-8B4A-11D0-8D11-00A0C91BC942}") = "chapter06_전역_정적_로또번호", "chapter06\chapter06.vcxproj", "{D1102FE4-9901-489E-9A49-2E9D9507E8DA}"
EndProject
Project("{8BC9CEB8-8B4A-11D0-8D11-00A0C91BC942}") = "chapter07_구조체", "chapter07\chapter07.vcxproj", "{6095C435-DB4F-46EC-A34E-DC7033985E56}"
EndProject
Project("{8BC9CEB8-8B4A-11D0-8D11-00A0C91BC942}") = "chapter08_포인터", "chapter08\chapter08.vcxproj", "{242AEAC0-328A-4C95-A018-826C19F9E27A}"
EndProject
Project("{8BC9CEB8-8B4A-11D0-8D11-00A0C91BC942}") = "chapter09_callby", "chapter09_callby\chapter09_callby.vcxproj", "{DA6D5F15-66A8-4E66-9582-1204026325B9}"
EndProject
Project("{8BC9CEB8-8B4A-11D0-8D11-00A0C91BC942}") = "chapter10_inline", "chapter10_inline\chapter10_inline.vcxproj", "{7A06CED0-BB48-4041-A378-4F94985ECAC5}"
EndProject
Project("{8BC9CEB8-8B4A-11D0-8D11-00A0C91BC942}") = "chapter11_class", "chapter11_class\chapter11_class.vcxproj", "{0BDB8FE2-1E12-4F7A-97A1-A9CA9E7DB7AE}"
EndProject
Project("{8BC9CEB8-8B4A-11D0-8D11-00A0C91BC942}") = "Chapter12_Class_1", "Chapter12_Claa_1\Chapter12_Claa_1.vcxproj", "{74977A5F-235B-484F-B394-33BF36C089CA}"
EndProject
Project("{8BC9CEB8-8B4A-11D0-8D11-00A0C91BC942}") = "sub_Play", "sub_Play\sub_Play.vcxproj", "{9E57C366-4666-4D08-8BFF-80A8AFE0B3D9}"
EndProject
Project("{8BC9CEB8-8B4A-11D0-8D11-00A0C91BC942}") = "Chapter13_RSP", "Chapter13_RSP\Chapter13_RSP.vcxproj", "{F55DCD67-AE02-45CB-BEE4-679E4C747E4A}"
EndProject
Project("{8BC9CEB8-8B4A-11D0-8D11-00A0C91BC942}") = "sub_빙고게임", "sub_bingo\sub_bingo.vcxproj", "{A671AEA2-6385-4845-95CD-5E268CEAA446}"
EndProject
Project("{8BC9CEB8-8B4A-11D0-8D11-00A0C91BC942}") = "sub_숫자야구", "sub_Ball\sub_Ball.vcxproj", "{B70990F1-66EE-4E9C-8E9F-D01A8D19061D}"
EndProject
Project("{8BC9CEB8-8B4A-11D0-8D11-00A0C91BC942}") = "inflearn_01_변수_상수_데이터형변환", "inflearn_01\inflearn_01.vcxproj", "{9D0749DA-69A3-4468-9378-03DA34A7BDEA}"
EndProject
Project("{8BC9CEB8-8B4A-11D0-8D11-00A0C91BC942}") = "inflearn_02_auto_get_getline입력", "inflearn_02\inflearn_02.vcxproj", "{56241DE4-D9EA-41BF-97DE-8083B439D62A}"
EndProject
Project("{8BC9CEB8-8B4A-11D0-8D11-00A0C91BC942}") = "inflearn_03_struct", "inflearn_03\inflearn_03.vcxproj", "{5F59C87B-F1B1-48D6-A7FF-7CB13B49E10D}"
EndProject
Project("{8BC9CEB8-8B4A-11D0-8D11-00A0C91BC942}") = "inflearn_04_union_enum", "inflearn_04\inflearn_04.vcxproj", "{B6B05D46-DF60-4A7C-8536-930D2FD2BA48}"
EndProject
Project("{8BC9CEB8-8B4A-11D0-8D11-00A0C91BC942}") = "inflearn_05_포인터", "inflearn_05\inflearn_05.vcxproj", "{5AF86E76-BF6A-4CD1-B19A-0859749069CA}"
EndProject
Project("{8BC9CEB8-8B4A-11D0-8D11-00A0C91BC942}") = "inflearn_06_포인터_new_delete", "inflearn_06\inflearn_06.vcxproj", "{46D3D797-D808-4D63-83B2-493D871A8E54}"
EndProject
Project("{8BC9CEB8-8B4A-11D0-8D11-00A0C91BC942}") = "inflearn_07_포인터_동적구조체", "inflearn_07\inflearn_07.vcxproj", "{105EC8C7-866A-44D5-9B08-2D14D1315509}"
EndProject
Project("{8BC9CEB8-8B4A-11D0-8D11-00A0C91BC942}") = "inflearn_08_포인터_동적구조체2", "inflearn_08\inflearn_08.vcxproj", "{ECB06B32-2263-408E-B566-C516DB6F36C9}"
EndProject
Project("{8BC9CEB8-8B4A-11D0-8D11-00A0C91BC942}") = "sub_gugudan", "sub_gugudan\sub_gugudan.vcxproj", "{C4B8593D-F979-47A1-9A6A-9732081F3990}"
EndProject
Project("{8BC9CEB8-8B4A-11D0-8D11-00A0C91BC942}") = "inflearn_09_함수와배열", "inflearn_09_함수\inflearn_09_함수.vcxproj", "{83FD1ACF-B7FC-4308-96DB-5555D8FB60A4}"
EndProject
Project("{8BC9CEB8-8B4A-11D0-8D11-00A0C91BC942}") = "Chapter14_복사생성자", "Chapter14_복사생성자\Chapter14_복사생성자.vcxproj", "{89C32BC8-552A-4823-A6B0-C36FFC034BCF}"
EndProject
Project("{8BC9CEB8-8B4A-11D0-8D11-00A0C91BC942}") = "inflearn_10_함수와구조체", "inflearn_10_함수와구조체\inflearn_10_함수와구조체.vcxproj", "{C24BCCEC-A214-4270-9F74-0DC7E848A4DC}"
EndProject
Project("{8BC9CEB8-8B4A-11D0-8D11-00A0C91BC942}") = "inflearn_11_재귀함수", "inflearn_11_재귀함수와함수를지시하는포인터\inflearn_11_재귀함수와함수를지시하는포인터.vcxproj", "{3F49A79C-4246-4C89-917C-A467425B610F}"
EndProject
Project("{8BC9CEB8-8B4A-11D0-8D11-00A0C91BC942}") = "inflearn_12_함수포인터", "inflearn_12_함수포인터\inflearn_12_함수포인터.vcxproj", "{A15AF6D5-48C8-4584-A50B-0E187A840D37}"
EndProject
Project("{8BC9CEB8-8B4A-11D0-8D11-00A0C91BC942}") = "inflearn_13_inline_default", "inflearn_13_inline_default\inflearn_13_inline_default.vcxproj", "{BAA06820-B764-48ED-A4CA-7056BF29A5B2}"
EndProject
Project("{8BC9CEB8-8B4A-11D0-8D11-00A0C91BC942}") = "inflearn_14_참조변수", "inflearn_14_참조변수\inflearn_14_참조변수.vcxproj", "{7581F2B8-3C4A-4335-BC9E-3877E43FA982}"
EndProject
Project("{8BC9CEB8-8B4A-11D0-8D11-00A0C91BC942}") = "inflearn_15_함수다형_오버로딩", "inflearn_15_함수다형_오버로딩\inflearn_15_함수다형_오버로딩.vcxproj", "{0C2DA4F1-C99A-463E-A385-F59CD320FCEC}"
EndProject
Project("{8BC9CEB8-8B4A-11D0-8D11-00A0C91BC942}") = "inflearn_16_함수템플릿", "inflearn_16_함수템플릿\inflearn_16_함수템플릿.vcxproj", "{C5D16BB9-401F-4A30-B71F-5DEE74C68C98}"
EndProject
Project("{8BC9CEB8-8B4A-11D0-8D11-00A0C91BC942}") = "Chapter15_깊은복사", "Chapter15_깊은복사\Chapter15_깊은복사.vcxproj", "{47D95E90-54B0-4908-8842-6CFAE358A0A8}"
EndProject
Project("{8BC9CEB8-8B4A-11D0-8D11-00A0C91BC942}") = "Chapter16_상속자", "Chapter16_생성자소멸자\Chapter16_생성자소멸자.vcxproj", "{C8D072D9-A9E1-4CED-9527-32ED49435D2C}"
EndProject
Project("{8BC9CEB8-8B4A-11D0-8D11-00A0C91BC942}") = "Chapter17_오버라이딩", "Chapter17_오버라이딩\Chapter17_오버라이딩.vcxproj", "{AD1670C3-267C-4E3B-B5F0-8E77AA6B2B39}"
EndProject
Project("{8BC9CEB8-8B4A-11D0-8D11-00A0C91BC942}") = "Chapter18_생성자소멸자호출", "Chapter18_생성자소멸자호출\Chapter18_생성자소멸자호출.vcxproj", "{D4F0FB4D-BD99-47B4-856D-E175DCF947B9}"
EndProject
Project("{8BC9CEB8-8B4A-11D0-8D11-00A0C91BC942}") = "Chapter19_상속관계형변환", "Chapter19_상속관계형변환\Chapter19_상속관계형변환.vcxproj", "{6CA6ADF0-D9EC-4AF6-BEE2-89846820AC46}"
EndProject
Project("{8BC9CEB8-8B4A-11D0-8D11-00A0C91BC942}") = "Chapter20_상속관계형변환2", "Chapter20_상속관계형변환2\Chapter20_상속관계형변환2.vcxproj", "{B077B35A-13AA-431D-BB9F-BB4BF872D4F9}"
EndProject
Project("{8BC9CEB8-8B4A-11D0-8D11-00A0C91BC942}") = "Chapter21_상속관계형변환3", "Chapter21_상속관계형변환3\Chapter21_상속관계형변환3.vcxproj", "{3284EF21-E835-44B7-BD56-C9B1F0C35215}"
EndProject
Project("{8BC9CEB8-8B4A-11D0-8D11-00A0C91BC942}") = "sub_카드짝맞추기", "sub_카드짝맞추기\sub_카드짝맞추기.vcxproj", "{F7885235-AF10-4614-A81A-1D2650C712DF}"
EndProject
Project("{8BC9CEB8-8B4A-11D0-8D11-00A0C91BC942}") = "sub_pushpuzzle", "sub_pushpuzzle\sub_pushpuzzle.vcxproj", "{D0A43ACF-50FC-4A00-9B07-9D43708FC7B1}"
EndProject
Project("{8BC9CEB8-8B4A-11D0-8D11-00A0C91BC942}") = "sub_SlideBingo", "sub_SlideBingo\sub_SlideBingo.vcxproj", "{A91740AC-4533-4222-9D80-9A9070B35812}"
EndProject
Project("{8BC9CEB8-8B4A-11D0-8D11-00A0C91BC942}") = "Chapter22_vector", "Chapter22_vector\Chapter22_vector.vcxproj", "{1C3FFC96-A6E9-46B7-A266-3D1E43B8FBC4}"
EndProject
Global
	GlobalSection(SolutionConfigurationPlatforms) = preSolution
		Debug|x64 = Debug|x64
		Debug|x86 = Debug|x86
		Release|x64 = Release|x64
		Release|x86 = Release|x86
	EndGlobalSection
	GlobalSection(ProjectConfigurationPlatforms) = postSolution
		{5C2A7F13-65FF-4D3D-81A9-5CC277F629B6}.Debug|x64.ActiveCfg = Debug|x64
		{5C2A7F13-65FF-4D3D-81A9-5CC277F629B6}.Debug|x64.Build.0 = Debug|x64
		{5C2A7F13-65FF-4D3D-81A9-5CC277F629B6}.Debug|x86.ActiveCfg = Debug|Win32
		{5C2A7F13-65FF-4D3D-81A9-5CC277F629B6}.Debug|x86.Build.0 = Debug|Win32
		{5C2A7F13-65FF-4D3D-81A9-5CC277F629B6}.Release|x64.ActiveCfg = Release|x64
		{5C2A7F13-65FF-4D3D-81A9-5CC277F629B6}.Release|x64.Build.0 = Release|x64
		{5C2A7F13-65FF-4D3D-81A9-5CC277F629B6}.Release|x86.ActiveCfg = Release|Win32
		{5C2A7F13-65FF-4D3D-81A9-5CC277F629B6}.Release|x86.Build.0 = Release|Win32
		{846B91AE-5293-44AF-B446-9569363C76CC}.Debug|x64.ActiveCfg = Debug|x64
		{846B91AE-5293-44AF-B446-9569363C76CC}.Debug|x64.Build.0 = Debug|x64
		{846B91AE-5293-44AF-B446-9569363C76CC}.Debug|x86.ActiveCfg = Debug|Win32
		{846B91AE-5293-44AF-B446-9569363C76CC}.Debug|x86.Build.0 = Debug|Win32
		{846B91AE-5293-44AF-B446-9569363C76CC}.Release|x64.ActiveCfg = Release|x64
		{846B91AE-5293-44AF-B446-9569363C76CC}.Release|x64.Build.0 = Release|x64
		{846B91AE-5293-44AF-B446-9569363C76CC}.Release|x86.ActiveCfg = Release|Win32
		{846B91AE-5293-44AF-B446-9569363C76CC}.Release|x86.Build.0 = Release|Win32
		{669C99BD-05B9-4B69-83A2-D656B51FF8EB}.Debug|x64.ActiveCfg = Debug|x64
		{669C99BD-05B9-4B69-83A2-D656B51FF8EB}.Debug|x64.Build.0 = Debug|x64
		{669C99BD-05B9-4B69-83A2-D656B51FF8EB}.Debug|x86.ActiveCfg = Debug|Win32
		{669C99BD-05B9-4B69-83A2-D656B51FF8EB}.Debug|x86.Build.0 = Debug|Win32
		{669C99BD-05B9-4B69-83A2-D656B51FF8EB}.Release|x64.ActiveCfg = Release|x64
		{669C99BD-05B9-4B69-83A2-D656B51FF8EB}.Release|x64.Build.0 = Release|x64
		{669C99BD-05B9-4B69-83A2-D656B51FF8EB}.Release|x86.ActiveCfg = Release|Win32
		{669C99BD-05B9-4B69-83A2-D656B51FF8EB}.Release|x86.Build.0 = Release|Win32
		{2169CE95-D25E-4E60-9C3B-1770C1409F0D}.Debug|x64.ActiveCfg = Debug|x64
		{2169CE95-D25E-4E60-9C3B-1770C1409F0D}.Debug|x64.Build.0 = Debug|x64
		{2169CE95-D25E-4E60-9C3B-1770C1409F0D}.Debug|x86.ActiveCfg = Debug|Win32
		{2169CE95-D25E-4E60-9C3B-1770C1409F0D}.Debug|x86.Build.0 = Debug|Win32
		{2169CE95-D25E-4E60-9C3B-1770C1409F0D}.Release|x64.ActiveCfg = Release|x64
		{2169CE95-D25E-4E60-9C3B-1770C1409F0D}.Release|x64.Build.0 = Release|x64
		{2169CE95-D25E-4E60-9C3B-1770C1409F0D}.Release|x86.ActiveCfg = Release|Win32
		{2169CE95-D25E-4E60-9C3B-1770C1409F0D}.Release|x86.Build.0 = Release|Win32
		{9A84E36E-1E9B-4118-B4C5-83C6E99F0B1C}.Debug|x64.ActiveCfg = Debug|x64
		{9A84E36E-1E9B-4118-B4C5-83C6E99F0B1C}.Debug|x64.Build.0 = Debug|x64
		{9A84E36E-1E9B-4118-B4C5-83C6E99F0B1C}.Debug|x86.ActiveCfg = Debug|Win32
		{9A84E36E-1E9B-4118-B4C5-83C6E99F0B1C}.Debug|x86.Build.0 = Debug|Win32
		{9A84E36E-1E9B-4118-B4C5-83C6E99F0B1C}.Release|x64.ActiveCfg = Release|x64
		{9A84E36E-1E9B-4118-B4C5-83C6E99F0B1C}.Release|x64.Build.0 = Release|x64
		{9A84E36E-1E9B-4118-B4C5-83C6E99F0B1C}.Release|x86.ActiveCfg = Release|Win32
		{9A84E36E-1E9B-4118-B4C5-83C6E99F0B1C}.Release|x86.Build.0 = Release|Win32
		{D1102FE4-9901-489E-9A49-2E9D9507E8DA}.Debug|x64.ActiveCfg = Debug|x64
		{D1102FE4-9901-489E-9A49-2E9D9507E8DA}.Debug|x64.Build.0 = Debug|x64
		{D1102FE4-9901-489E-9A49-2E9D9507E8DA}.Debug|x86.ActiveCfg = Debug|Win32
		{D1102FE4-9901-489E-9A49-2E9D9507E8DA}.Debug|x86.Build.0 = Debug|Win32
		{D1102FE4-9901-489E-9A49-2E9D9507E8DA}.Release|x64.ActiveCfg = Release|x64
		{D1102FE4-9901-489E-9A49-2E9D9507E8DA}.Release|x64.Build.0 = Release|x64
		{D1102FE4-9901-489E-9A49-2E9D9507E8DA}.Release|x86.ActiveCfg = Release|Win32
		{D1102FE4-9901-489E-9A49-2E9D9507E8DA}.Release|x86.Build.0 = Release|Win32
		{6095C435-DB4F-46EC-A34E-DC7033985E56}.Debug|x64.ActiveCfg = Debug|x64
		{6095C435-DB4F-46EC-A34E-DC7033985E56}.Debug|x64.Build.0 = Debug|x64
		{6095C435-DB4F-46EC-A34E-DC7033985E56}.Debug|x86.ActiveCfg = Debug|Win32
		{6095C435-DB4F-46EC-A34E-DC7033985E56}.Debug|x86.Build.0 = Debug|Win32
		{6095C435-DB4F-46EC-A34E-DC7033985E56}.Release|x64.ActiveCfg = Release|x64
		{6095C435-DB4F-46EC-A34E-DC7033985E56}.Release|x64.Build.0 = Release|x64
		{6095C435-DB4F-46EC-A34E-DC7033985E56}.Release|x86.ActiveCfg = Release|Win32
		{6095C435-DB4F-46EC-A34E-DC7033985E56}.Release|x86.Build.0 = Release|Win32
		{242AEAC0-328A-4C95-A018-826C19F9E27A}.Debug|x64.ActiveCfg = Debug|x64
		{242AEAC0-328A-4C95-A018-826C19F9E27A}.Debug|x64.Build.0 = Debug|x64
		{242AEAC0-328A-4C95-A018-826C19F9E27A}.Debug|x86.ActiveCfg = Debug|Win32
		{242AEAC0-328A-4C95-A018-826C19F9E27A}.Debug|x86.Build.0 = Debug|Win32
		{242AEAC0-328A-4C95-A018-826C19F9E27A}.Release|x64.ActiveCfg = Release|x64
		{242AEAC0-328A-4C95-A018-826C19F9E27A}.Release|x64.Build.0 = Release|x64
		{242AEAC0-328A-4C95-A018-826C19F9E27A}.Release|x86.ActiveCfg = Release|Win32
		{242AEAC0-328A-4C95-A018-826C19F9E27A}.Release|x86.Build.0 = Release|Win32
		{DA6D5F15-66A8-4E66-9582-1204026325B9}.Debug|x64.ActiveCfg = Debug|x64
		{DA6D5F15-66A8-4E66-9582-1204026325B9}.Debug|x64.Build.0 = Debug|x64
		{DA6D5F15-66A8-4E66-9582-1204026325B9}.Debug|x86.ActiveCfg = Debug|Win32
		{DA6D5F15-66A8-4E66-9582-1204026325B9}.Debug|x86.Build.0 = Debug|Win32
		{DA6D5F15-66A8-4E66-9582-1204026325B9}.Release|x64.ActiveCfg = Release|x64
		{DA6D5F15-66A8-4E66-9582-1204026325B9}.Release|x64.Build.0 = Release|x64
		{DA6D5F15-66A8-4E66-9582-1204026325B9}.Release|x86.ActiveCfg = Release|Win32
		{DA6D5F15-66A8-4E66-9582-1204026325B9}.Release|x86.Build.0 = Release|Win32
		{7A06CED0-BB48-4041-A378-4F94985ECAC5}.Debug|x64.ActiveCfg = Debug|x64
		{7A06CED0-BB48-4041-A378-4F94985ECAC5}.Debug|x64.Build.0 = Debug|x64
		{7A06CED0-BB48-4041-A378-4F94985ECAC5}.Debug|x86.ActiveCfg = Debug|Win32
		{7A06CED0-BB48-4041-A378-4F94985ECAC5}.Debug|x86.Build.0 = Debug|Win32
		{7A06CED0-BB48-4041-A378-4F94985ECAC5}.Release|x64.ActiveCfg = Release|x64
		{7A06CED0-BB48-4041-A378-4F94985ECAC5}.Release|x64.Build.0 = Release|x64
		{7A06CED0-BB48-4041-A378-4F94985ECAC5}.Release|x86.ActiveCfg = Release|Win32
		{7A06CED0-BB48-4041-A378-4F94985ECAC5}.Release|x86.Build.0 = Release|Win32
		{0BDB8FE2-1E12-4F7A-97A1-A9CA9E7DB7AE}.Debug|x64.ActiveCfg = Debug|x64
		{0BDB8FE2-1E12-4F7A-97A1-A9CA9E7DB7AE}.Debug|x64.Build.0 = Debug|x64
		{0BDB8FE2-1E12-4F7A-97A1-A9CA9E7DB7AE}.Debug|x86.ActiveCfg = Debug|Win32
		{0BDB8FE2-1E12-4F7A-97A1-A9CA9E7DB7AE}.Debug|x86.Build.0 = Debug|Win32
		{0BDB8FE2-1E12-4F7A-97A1-A9CA9E7DB7AE}.Release|x64.ActiveCfg = Release|x64
		{0BDB8FE2-1E12-4F7A-97A1-A9CA9E7DB7AE}.Release|x64.Build.0 = Release|x64
		{0BDB8FE2-1E12-4F7A-97A1-A9CA9E7DB7AE}.Release|x86.ActiveCfg = Release|Win32
		{0BDB8FE2-1E12-4F7A-97A1-A9CA9E7DB7AE}.Release|x86.Build.0 = Release|Win32
		{74977A5F-235B-484F-B394-33BF36C089CA}.Debug|x64.ActiveCfg = Debug|x64
		{74977A5F-235B-484F-B394-33BF36C089CA}.Debug|x64.Build.0 = Debug|x64
		{74977A5F-235B-484F-B394-33BF36C089CA}.Debug|x86.ActiveCfg = Debug|Win32
		{74977A5F-235B-484F-B394-33BF36C089CA}.Debug|x86.Build.0 = Debug|Win32
		{74977A5F-235B-484F-B394-33BF36C089CA}.Release|x64.ActiveCfg = Release|x64
		{74977A5F-235B-484F-B394-33BF36C089CA}.Release|x64.Build.0 = Release|x64
		{74977A5F-235B-484F-B394-33BF36C089CA}.Release|x86.ActiveCfg = Release|Win32
		{74977A5F-235B-484F-B394-33BF36C089CA}.Release|x86.Build.0 = Release|Win32
		{9E57C366-4666-4D08-8BFF-80A8AFE0B3D9}.Debug|x64.ActiveCfg = Debug|x64
		{9E57C366-4666-4D08-8BFF-80A8AFE0B3D9}.Debug|x64.Build.0 = Debug|x64
		{9E57C366-4666-4D08-8BFF-80A8AFE0B3D9}.Debug|x86.ActiveCfg = Debug|Win32
		{9E57C366-4666-4D08-8BFF-80A8AFE0B3D9}.Debug|x86.Build.0 = Debug|Win32
		{9E57C366-4666-4D08-8BFF-80A8AFE0B3D9}.Release|x64.ActiveCfg = Release|x64
		{9E57C366-4666-4D08-8BFF-80A8AFE0B3D9}.Release|x64.Build.0 = Release|x64
		{9E57C366-4666-4D08-8BFF-80A8AFE0B3D9}.Release|x86.ActiveCfg = Release|Win32
		{9E57C366-4666-4D08-8BFF-80A8AFE0B3D9}.Release|x86.Build.0 = Release|Win32
		{F55DCD67-AE02-45CB-BEE4-679E4C747E4A}.Debug|x64.ActiveCfg = Debug|x64
		{F55DCD67-AE02-45CB-BEE4-679E4C747E4A}.Debug|x64.Build.0 = Debug|x64
		{F55DCD67-AE02-45CB-BEE4-679E4C747E4A}.Debug|x86.ActiveCfg = Debug|Win32
		{F55DCD67-AE02-45CB-BEE4-679E4C747E4A}.Debug|x86.Build.0 = Debug|Win32
		{F55DCD67-AE02-45CB-BEE4-679E4C747E4A}.Release|x64.ActiveCfg = Release|x64
		{F55DCD67-AE02-45CB-BEE4-679E4C747E4A}.Release|x64.Build.0 = Release|x64
		{F55DCD67-AE02-45CB-BEE4-679E4C747E4A}.Release|x86.ActiveCfg = Release|Win32
		{F55DCD67-AE02-45CB-BEE4-679E4C747E4A}.Release|x86.Build.0 = Release|Win32
		{A671AEA2-6385-4845-95CD-5E268CEAA446}.Debug|x64.ActiveCfg = Debug|x64
		{A671AEA2-6385-4845-95CD-5E268CEAA446}.Debug|x64.Build.0 = Debug|x64
		{A671AEA2-6385-4845-95CD-5E268CEAA446}.Debug|x86.ActiveCfg = Debug|Win32
		{A671AEA2-6385-4845-95CD-5E268CEAA446}.Debug|x86.Build.0 = Debug|Win32
		{A671AEA2-6385-4845-95CD-5E268CEAA446}.Release|x64.ActiveCfg = Release|x64
		{A671AEA2-6385-4845-95CD-5E268CEAA446}.Release|x64.Build.0 = Release|x64
		{A671AEA2-6385-4845-95CD-5E268CEAA446}.Release|x86.ActiveCfg = Release|Win32
		{A671AEA2-6385-4845-95CD-5E268CEAA446}.Release|x86.Build.0 = Release|Win32
		{B70990F1-66EE-4E9C-8E9F-D01A8D19061D}.Debug|x64.ActiveCfg = Debug|x64
		{B70990F1-66EE-4E9C-8E9F-D01A8D19061D}.Debug|x64.Build.0 = Debug|x64
		{B70990F1-66EE-4E9C-8E9F-D01A8D19061D}.Debug|x86.ActiveCfg = Debug|Win32
		{B70990F1-66EE-4E9C-8E9F-D01A8D19061D}.Debug|x86.Build.0 = Debug|Win32
		{B70990F1-66EE-4E9C-8E9F-D01A8D19061D}.Release|x64.ActiveCfg = Release|x64
		{B70990F1-66EE-4E9C-8E9F-D01A8D19061D}.Release|x64.Build.0 = Release|x64
		{B70990F1-66EE-4E9C-8E9F-D01A8D19061D}.Release|x86.ActiveCfg = Release|Win32
		{B70990F1-66EE-4E9C-8E9F-D01A8D19061D}.Release|x86.Build.0 = Release|Win32
		{9D0749DA-69A3-4468-9378-03DA34A7BDEA}.Debug|x64.ActiveCfg = Debug|x64
		{9D0749DA-69A3-4468-9378-03DA34A7BDEA}.Debug|x64.Build.0 = Debug|x64
		{9D0749DA-69A3-4468-9378-03DA34A7BDEA}.Debug|x86.ActiveCfg = Debug|Win32
		{9D0749DA-69A3-4468-9378-03DA34A7BDEA}.Debug|x86.Build.0 = Debug|Win32
		{9D0749DA-69A3-4468-9378-03DA34A7BDEA}.Release|x64.ActiveCfg = Release|x64
		{9D0749DA-69A3-4468-9378-03DA34A7BDEA}.Release|x64.Build.0 = Release|x64
		{9D0749DA-69A3-4468-9378-03DA34A7BDEA}.Release|x86.ActiveCfg = Release|Win32
		{9D0749DA-69A3-4468-9378-03DA34A7BDEA}.Release|x86.Build.0 = Release|Win32
		{56241DE4-D9EA-41BF-97DE-8083B439D62A}.Debug|x64.ActiveCfg = Debug|x64
		{56241DE4-D9EA-41BF-97DE-8083B439D62A}.Debug|x64.Build.0 = Debug|x64
		{56241DE4-D9EA-41BF-97DE-8083B439D62A}.Debug|x86.ActiveCfg = Debug|Win32
		{56241DE4-D9EA-41BF-97DE-8083B439D62A}.Debug|x86.Build.0 = Debug|Win32
		{56241DE4-D9EA-41BF-97DE-8083B439D62A}.Release|x64.ActiveCfg = Release|x64
		{56241DE4-D9EA-41BF-97DE-8083B439D62A}.Release|x64.Build.0 = Release|x64
		{56241DE4-D9EA-41BF-97DE-8083B439D62A}.Release|x86.ActiveCfg = Release|Win32
		{56241DE4-D9EA-41BF-97DE-8083B439D62A}.Release|x86.Build.0 = Release|Win32
		{5F59C87B-F1B1-48D6-A7FF-7CB13B49E10D}.Debug|x64.ActiveCfg = Debug|x64
		{5F59C87B-F1B1-48D6-A7FF-7CB13B49E10D}.Debug|x64.Build.0 = Debug|x64
		{5F59C87B-F1B1-48D6-A7FF-7CB13B49E10D}.Debug|x86.ActiveCfg = Debug|Win32
		{5F59C87B-F1B1-48D6-A7FF-7CB13B49E10D}.Debug|x86.Build.0 = Debug|Win32
		{5F59C87B-F1B1-48D6-A7FF-7CB13B49E10D}.Release|x64.ActiveCfg = Release|x64
		{5F59C87B-F1B1-48D6-A7FF-7CB13B49E10D}.Release|x64.Build.0 = Release|x64
		{5F59C87B-F1B1-48D6-A7FF-7CB13B49E10D}.Release|x86.ActiveCfg = Release|Win32
		{5F59C87B-F1B1-48D6-A7FF-7CB13B49E10D}.Release|x86.Build.0 = Release|Win32
		{B6B05D46-DF60-4A7C-8536-930D2FD2BA48}.Debug|x64.ActiveCfg = Debug|x64
		{B6B05D46-DF60-4A7C-8536-930D2FD2BA48}.Debug|x64.Build.0 = Debug|x64
		{B6B05D46-DF60-4A7C-8536-930D2FD2BA48}.Debug|x86.ActiveCfg = Debug|Win32
		{B6B05D46-DF60-4A7C-8536-930D2FD2BA48}.Debug|x86.Build.0 = Debug|Win32
		{B6B05D46-DF60-4A7C-8536-930D2FD2BA48}.Release|x64.ActiveCfg = Release|x64
		{B6B05D46-DF60-4A7C-8536-930D2FD2BA48}.Release|x64.Build.0 = Release|x64
		{B6B05D46-DF60-4A7C-8536-930D2FD2BA48}.Release|x86.ActiveCfg = Release|Win32
		{B6B05D46-DF60-4A7C-8536-930D2FD2BA48}.Release|x86.Build.0 = Release|Win32
		{5AF86E76-BF6A-4CD1-B19A-0859749069CA}.Debug|x64.ActiveCfg = Debug|x64
		{5AF86E76-BF6A-4CD1-B19A-0859749069CA}.Debug|x64.Build.0 = Debug|x64
		{5AF86E76-BF6A-4CD1-B19A-0859749069CA}.Debug|x86.ActiveCfg = Debug|Win32
		{5AF86E76-BF6A-4CD1-B19A-0859749069CA}.Debug|x86.Build.0 = Debug|Win32
		{5AF86E76-BF6A-4CD1-B19A-0859749069CA}.Release|x64.ActiveCfg = Release|x64
		{5AF86E76-BF6A-4CD1-B19A-0859749069CA}.Release|x64.Build.0 = Release|x64
		{5AF86E76-BF6A-4CD1-B19A-0859749069CA}.Release|x86.ActiveCfg = Release|Win32
		{5AF86E76-BF6A-4CD1-B19A-0859749069CA}.Release|x86.Build.0 = Release|Win32
		{46D3D797-D808-4D63-83B2-493D871A8E54}.Debug|x64.ActiveCfg = Debug|x64
		{46D3D797-D808-4D63-83B2-493D871A8E54}.Debug|x64.Build.0 = Debug|x64
		{46D3D797-D808-4D63-83B2-493D871A8E54}.Debug|x86.ActiveCfg = Debug|Win32
		{46D3D797-D808-4D63-83B2-493D871A8E54}.Debug|x86.Build.0 = Debug|Win32
		{46D3D797-D808-4D63-83B2-493D871A8E54}.Release|x64.ActiveCfg = Release|x64
		{46D3D797-D808-4D63-83B2-493D871A8E54}.Release|x64.Build.0 = Release|x64
		{46D3D797-D808-4D63-83B2-493D871A8E54}.Release|x86.ActiveCfg = Release|Win32
		{46D3D797-D808-4D63-83B2-493D871A8E54}.Release|x86.Build.0 = Release|Win32
		{105EC8C7-866A-44D5-9B08-2D14D1315509}.Debug|x64.ActiveCfg = Debug|x64
		{105EC8C7-866A-44D5-9B08-2D14D1315509}.Debug|x64.Build.0 = Debug|x64
		{105EC8C7-866A-44D5-9B08-2D14D1315509}.Debug|x86.ActiveCfg = Debug|Win32
		{105EC8C7-866A-44D5-9B08-2D14D1315509}.Debug|x86.Build.0 = Debug|Win32
		{105EC8C7-866A-44D5-9B08-2D14D1315509}.Release|x64.ActiveCfg = Release|x64
		{105EC8C7-866A-44D5-9B08-2D14D1315509}.Release|x64.Build.0 = Release|x64
		{105EC8C7-866A-44D5-9B08-2D14D1315509}.Release|x86.ActiveCfg = Release|Win32
		{105EC8C7-866A-44D5-9B08-2D14D1315509}.Release|x86.Build.0 = Release|Win32
		{ECB06B32-2263-408E-B566-C516DB6F36C9}.Debug|x64.ActiveCfg = Debug|x64
		{ECB06B32-2263-408E-B566-C516DB6F36C9}.Debug|x64.Build.0 = Debug|x64
		{ECB06B32-2263-408E-B566-C516DB6F36C9}.Debug|x86.ActiveCfg = Debug|Win32
		{ECB06B32-2263-408E-B566-C516DB6F36C9}.Debug|x86.Build.0 = Debug|Win32
		{ECB06B32-2263-408E-B566-C516DB6F36C9}.Release|x64.ActiveCfg = Release|x64
		{ECB06B32-2263-408E-B566-C516DB6F36C9}.Release|x64.Build.0 = Release|x64
		{ECB06B32-2263-408E-B566-C516DB6F36C9}.Release|x86.ActiveCfg = Release|Win32
		{ECB06B32-2263-408E-B566-C516DB6F36C9}.Release|x86.Build.0 = Release|Win32
		{C4B8593D-F979-47A1-9A6A-9732081F3990}.Debug|x64.ActiveCfg = Debug|x64
		{C4B8593D-F979-47A1-9A6A-9732081F3990}.Debug|x64.Build.0 = Debug|x64
		{C4B8593D-F979-47A1-9A6A-9732081F3990}.Debug|x86.ActiveCfg = Debug|Win32
		{C4B8593D-F979-47A1-9A6A-9732081F3990}.Debug|x86.Build.0 = Debug|Win32
		{C4B8593D-F979-47A1-9A6A-9732081F3990}.Release|x64.ActiveCfg = Release|x64
		{C4B8593D-F979-47A1-9A6A-9732081F3990}.Release|x64.Build.0 = Release|x64
		{C4B8593D-F979-47A1-9A6A-9732081F3990}.Release|x86.ActiveCfg = Release|Win32
		{C4B8593D-F979-47A1-9A6A-9732081F3990}.Release|x86.Build.0 = Release|Win32
		{83FD1ACF-B7FC-4308-96DB-5555D8FB60A4}.Debug|x64.ActiveCfg = Debug|x64
		{83FD1ACF-B7FC-4308-96DB-5555D8FB60A4}.Debug|x64.Build.0 = Debug|x64
		{83FD1ACF-B7FC-4308-96DB-5555D8FB60A4}.Debug|x86.ActiveCfg = Debug|Win32
		{83FD1ACF-B7FC-4308-96DB-5555D8FB60A4}.Debug|x86.Build.0 = Debug|Win32
		{83FD1ACF-B7FC-4308-96DB-5555D8FB60A4}.Release|x64.ActiveCfg = Release|x64
		{83FD1ACF-B7FC-4308-96DB-5555D8FB60A4}.Release|x64.Build.0 = Release|x64
		{83FD1ACF-B7FC-4308-96DB-5555D8FB60A4}.Release|x86.ActiveCfg = Release|Win32
		{83FD1ACF-B7FC-4308-96DB-5555D8FB60A4}.Release|x86.Build.0 = Release|Win32
		{89C32BC8-552A-4823-A6B0-C36FFC034BCF}.Debug|x64.ActiveCfg = Debug|x64
		{89C32BC8-552A-4823-A6B0-C36FFC034BCF}.Debug|x64.Build.0 = Debug|x64
		{89C32BC8-552A-4823-A6B0-C36FFC034BCF}.Debug|x86.ActiveCfg = Debug|Win32
		{89C32BC8-552A-4823-A6B0-C36FFC034BCF}.Debug|x86.Build.0 = Debug|Win32
		{89C32BC8-552A-4823-A6B0-C36FFC034BCF}.Release|x64.ActiveCfg = Release|x64
		{89C32BC8-552A-4823-A6B0-C36FFC034BCF}.Release|x64.Build.0 = Release|x64
		{89C32BC8-552A-4823-A6B0-C36FFC034BCF}.Release|x86.ActiveCfg = Release|Win32
		{89C32BC8-552A-4823-A6B0-C36FFC034BCF}.Release|x86.Build.0 = Release|Win32
		{C24BCCEC-A214-4270-9F74-0DC7E848A4DC}.Debug|x64.ActiveCfg = Debug|x64
		{C24BCCEC-A214-4270-9F74-0DC7E848A4DC}.Debug|x64.Build.0 = Debug|x64
		{C24BCCEC-A214-4270-9F74-0DC7E848A4DC}.Debug|x86.ActiveCfg = Debug|Win32
		{C24BCCEC-A214-4270-9F74-0DC7E848A4DC}.Debug|x86.Build.0 = Debug|Win32
		{C24BCCEC-A214-4270-9F74-0DC7E848A4DC}.Release|x64.ActiveCfg = Release|x64
		{C24BCCEC-A214-4270-9F74-0DC7E848A4DC}.Release|x64.Build.0 = Release|x64
		{C24BCCEC-A214-4270-9F74-0DC7E848A4DC}.Release|x86.ActiveCfg = Release|Win32
		{C24BCCEC-A214-4270-9F74-0DC7E848A4DC}.Release|x86.Build.0 = Release|Win32
		{3F49A79C-4246-4C89-917C-A467425B610F}.Debug|x64.ActiveCfg = Debug|x64
		{3F49A79C-4246-4C89-917C-A467425B610F}.Debug|x64.Build.0 = Debug|x64
		{3F49A79C-4246-4C89-917C-A467425B610F}.Debug|x86.ActiveCfg = Debug|Win32
		{3F49A79C-4246-4C89-917C-A467425B610F}.Debug|x86.Build.0 = Debug|Win32
		{3F49A79C-4246-4C89-917C-A467425B610F}.Release|x64.ActiveCfg = Release|x64
		{3F49A79C-4246-4C89-917C-A467425B610F}.Release|x64.Build.0 = Release|x64
		{3F49A79C-4246-4C89-917C-A467425B610F}.Release|x86.ActiveCfg = Release|Win32
		{3F49A79C-4246-4C89-917C-A467425B610F}.Release|x86.Build.0 = Release|Win32
		{A15AF6D5-48C8-4584-A50B-0E187A840D37}.Debug|x64.ActiveCfg = Debug|x64
		{A15AF6D5-48C8-4584-A50B-0E187A840D37}.Debug|x64.Build.0 = Debug|x64
		{A15AF6D5-48C8-4584-A50B-0E187A840D37}.Debug|x86.ActiveCfg = Debug|Win32
		{A15AF6D5-48C8-4584-A50B-0E187A840D37}.Debug|x86.Build.0 = Debug|Win32
		{A15AF6D5-48C8-4584-A50B-0E187A840D37}.Release|x64.ActiveCfg = Release|x64
		{A15AF6D5-48C8-4584-A50B-0E187A840D37}.Release|x64.Build.0 = Release|x64
		{A15AF6D5-48C8-4584-A50B-0E187A840D37}.Release|x86.ActiveCfg = Release|Win32
		{A15AF6D5-48C8-4584-A50B-0E187A840D37}.Release|x86.Build.0 = Release|Win32
		{BAA06820-B764-48ED-A4CA-7056BF29A5B2}.Debug|x64.ActiveCfg = Debug|x64
		{BAA06820-B764-48ED-A4CA-7056BF29A5B2}.Debug|x64.Build.0 = Debug|x64
		{BAA06820-B764-48ED-A4CA-7056BF29A5B2}.Debug|x86.ActiveCfg = Debug|Win32
		{BAA06820-B764-48ED-A4CA-7056BF29A5B2}.Debug|x86.Build.0 = Debug|Win32
		{BAA06820-B764-48ED-A4CA-7056BF29A5B2}.Release|x64.ActiveCfg = Release|x64
		{BAA06820-B764-48ED-A4CA-7056BF29A5B2}.Release|x64.Build.0 = Release|x64
		{BAA06820-B764-48ED-A4CA-7056BF29A5B2}.Release|x86.ActiveCfg = Release|Win32
		{BAA06820-B764-48ED-A4CA-7056BF29A5B2}.Release|x86.Build.0 = Release|Win32
		{7581F2B8-3C4A-4335-BC9E-3877E43FA982}.Debug|x64.ActiveCfg = Debug|x64
		{7581F2B8-3C4A-4335-BC9E-3877E43FA982}.Debug|x64.Build.0 = Debug|x64
		{7581F2B8-3C4A-4335-BC9E-3877E43FA982}.Debug|x86.ActiveCfg = Debug|Win32
		{7581F2B8-3C4A-4335-BC9E-3877E43FA982}.Debug|x86.Build.0 = Debug|Win32
		{7581F2B8-3C4A-4335-BC9E-3877E43FA982}.Release|x64.ActiveCfg = Release|x64
		{7581F2B8-3C4A-4335-BC9E-3877E43FA982}.Release|x64.Build.0 = Release|x64
		{7581F2B8-3C4A-4335-BC9E-3877E43FA982}.Release|x86.ActiveCfg = Release|Win32
		{7581F2B8-3C4A-4335-BC9E-3877E43FA982}.Release|x86.Build.0 = Release|Win32
		{0C2DA4F1-C99A-463E-A385-F59CD320FCEC}.Debug|x64.ActiveCfg = Debug|x64
		{0C2DA4F1-C99A-463E-A385-F59CD320FCEC}.Debug|x64.Build.0 = Debug|x64
		{0C2DA4F1-C99A-463E-A385-F59CD320FCEC}.Debug|x86.ActiveCfg = Debug|Win32
		{0C2DA4F1-C99A-463E-A385-F59CD320FCEC}.Debug|x86.Build.0 = Debug|Win32
		{0C2DA4F1-C99A-463E-A385-F59CD320FCEC}.Release|x64.ActiveCfg = Release|x64
		{0C2DA4F1-C99A-463E-A385-F59CD320FCEC}.Release|x64.Build.0 = Release|x64
		{0C2DA4F1-C99A-463E-A385-F59CD320FCEC}.Release|x86.ActiveCfg = Release|Win32
		{0C2DA4F1-C99A-463E-A385-F59CD320FCEC}.Release|x86.Build.0 = Release|Win32
		{C5D16BB9-401F-4A30-B71F-5DEE74C68C98}.Debug|x64.ActiveCfg = Debug|x64
		{C5D16BB9-401F-4A30-B71F-5DEE74C68C98}.Debug|x64.Build.0 = Debug|x64
		{C5D16BB9-401F-4A30-B71F-5DEE74C68C98}.Debug|x86.ActiveCfg = Debug|Win32
		{C5D16BB9-401F-4A30-B71F-5DEE74C68C98}.Debug|x86.Build.0 = Debug|Win32
		{C5D16BB9-401F-4A30-B71F-5DEE74C68C98}.Release|x64.ActiveCfg = Release|x64
		{C5D16BB9-401F-4A30-B71F-5DEE74C68C98}.Release|x64.Build.0 = Release|x64
		{C5D16BB9-401F-4A30-B71F-5DEE74C68C98}.Release|x86.ActiveCfg = Release|Win32
		{C5D16BB9-401F-4A30-B71F-5DEE74C68C98}.Release|x86.Build.0 = Release|Win32
		{47D95E90-54B0-4908-8842-6CFAE358A0A8}.Debug|x64.ActiveCfg = Debug|x64
		{47D95E90-54B0-4908-8842-6CFAE358A0A8}.Debug|x64.Build.0 = Debug|x64
		{47D95E90-54B0-4908-8842-6CFAE358A0A8}.Debug|x86.ActiveCfg = Debug|Win32
		{47D95E90-54B0-4908-8842-6CFAE358A0A8}.Debug|x86.Build.0 = Debug|Win32
		{47D95E90-54B0-4908-8842-6CFAE358A0A8}.Release|x64.ActiveCfg = Release|x64
		{47D95E90-54B0-4908-8842-6CFAE358A0A8}.Release|x64.Build.0 = Release|x64
		{47D95E90-54B0-4908-8842-6CFAE358A0A8}.Release|x86.ActiveCfg = Release|Win32
		{47D95E90-54B0-4908-8842-6CFAE358A0A8}.Release|x86.Build.0 = Release|Win32
		{C8D072D9-A9E1-4CED-9527-32ED49435D2C}.Debug|x64.ActiveCfg = Debug|x64
		{C8D072D9-A9E1-4CED-9527-32ED49435D2C}.Debug|x64.Build.0 = Debug|x64
		{C8D072D9-A9E1-4CED-9527-32ED49435D2C}.Debug|x86.ActiveCfg = Debug|Win32
		{C8D072D9-A9E1-4CED-9527-32ED49435D2C}.Debug|x86.Build.0 = Debug|Win32
		{C8D072D9-A9E1-4CED-9527-32ED49435D2C}.Release|x64.ActiveCfg = Release|x64
		{C8D072D9-A9E1-4CED-9527-32ED49435D2C}.Release|x64.Build.0 = Release|x64
		{C8D072D9-A9E1-4CED-9527-32ED49435D2C}.Release|x86.ActiveCfg = Release|Win32
		{C8D072D9-A9E1-4CED-9527-32ED49435D2C}.Release|x86.Build.0 = Release|Win32
		{AD1670C3-267C-4E3B-B5F0-8E77AA6B2B39}.Debug|x64.ActiveCfg = Debug|x64
		{AD1670C3-267C-4E3B-B5F0-8E77AA6B2B39}.Debug|x64.Build.0 = Debug|x64
		{AD1670C3-267C-4E3B-B5F0-8E77AA6B2B39}.Debug|x86.ActiveCfg = Debug|Win32
		{AD1670C3-267C-4E3B-B5F0-8E77AA6B2B39}.Debug|x86.Build.0 = Debug|Win32
		{AD1670C3-267C-4E3B-B5F0-8E77AA6B2B39}.Release|x64.ActiveCfg = Release|x64
		{AD1670C3-267C-4E3B-B5F0-8E77AA6B2B39}.Release|x64.Build.0 = Release|x64
		{AD1670C3-267C-4E3B-B5F0-8E77AA6B2B39}.Release|x86.ActiveCfg = Release|Win32
		{AD1670C3-267C-4E3B-B5F0-8E77AA6B2B39}.Release|x86.Build.0 = Release|Win32
		{D4F0FB4D-BD99-47B4-856D-E175DCF947B9}.Debug|x64.ActiveCfg = Debug|x64
		{D4F0FB4D-BD99-47B4-856D-E175DCF947B9}.Debug|x64.Build.0 = Debug|x64
		{D4F0FB4D-BD99-47B4-856D-E175DCF947B9}.Debug|x86.ActiveCfg = Debug|Win32
		{D4F0FB4D-BD99-47B4-856D-E175DCF947B9}.Debug|x86.Build.0 = Debug|Win32
		{D4F0FB4D-BD99-47B4-856D-E175DCF947B9}.Release|x64.ActiveCfg = Release|x64
		{D4F0FB4D-BD99-47B4-856D-E175DCF947B9}.Release|x64.Build.0 = Release|x64
		{D4F0FB4D-BD99-47B4-856D-E175DCF947B9}.Release|x86.ActiveCfg = Release|Win32
		{D4F0FB4D-BD99-47B4-856D-E175DCF947B9}.Release|x86.Build.0 = Release|Win32
		{6CA6ADF0-D9EC-4AF6-BEE2-89846820AC46}.Debug|x64.ActiveCfg = Debug|x64
		{6CA6ADF0-D9EC-4AF6-BEE2-89846820AC46}.Debug|x64.Build.0 = Debug|x64
		{6CA6ADF0-D9EC-4AF6-BEE2-89846820AC46}.Debug|x86.ActiveCfg = Debug|Win32
		{6CA6ADF0-D9EC-4AF6-BEE2-89846820AC46}.Debug|x86.Build.0 = Debug|Win32
		{6CA6ADF0-D9EC-4AF6-BEE2-89846820AC46}.Release|x64.ActiveCfg = Release|x64
		{6CA6ADF0-D9EC-4AF6-BEE2-89846820AC46}.Release|x64.Build.0 = Release|x64
		{6CA6ADF0-D9EC-4AF6-BEE2-89846820AC46}.Release|x86.ActiveCfg = Release|Win32
		{6CA6ADF0-D9EC-4AF6-BEE2-89846820AC46}.Release|x86.Build.0 = Release|Win32
		{B077B35A-13AA-431D-BB9F-BB4BF872D4F9}.Debug|x64.ActiveCfg = Debug|x64
		{B077B35A-13AA-431D-BB9F-BB4BF872D4F9}.Debug|x64.Build.0 = Debug|x64
		{B077B35A-13AA-431D-BB9F-BB4BF872D4F9}.Debug|x86.ActiveCfg = Debug|Win32
		{B077B35A-13AA-431D-BB9F-BB4BF872D4F9}.Debug|x86.Build.0 = Debug|Win32
		{B077B35A-13AA-431D-BB9F-BB4BF872D4F9}.Release|x64.ActiveCfg = Release|x64
		{B077B35A-13AA-431D-BB9F-BB4BF872D4F9}.Release|x64.Build.0 = Release|x64
		{B077B35A-13AA-431D-BB9F-BB4BF872D4F9}.Release|x86.ActiveCfg = Release|Win32
		{B077B35A-13AA-431D-BB9F-BB4BF872D4F9}.Release|x86.Build.0 = Release|Win32
		{3284EF21-E835-44B7-BD56-C9B1F0C35215}.Debug|x64.ActiveCfg = Debug|x64
		{3284EF21-E835-44B7-BD56-C9B1F0C35215}.Debug|x64.Build.0 = Debug|x64
		{3284EF21-E835-44B7-BD56-C9B1F0C35215}.Debug|x86.ActiveCfg = Debug|Win32
		{3284EF21-E835-44B7-BD56-C9B1F0C35215}.Debug|x86.Build.0 = Debug|Win32
		{3284EF21-E835-44B7-BD56-C9B1F0C35215}.Release|x64.ActiveCfg = Release|x64
		{3284EF21-E835-44B7-BD56-C9B1F0C35215}.Release|x64.Build.0 = Release|x64
		{3284EF21-E835-44B7-BD56-C9B1F0C35215}.Release|x86.ActiveCfg = Release|Win32
		{3284EF21-E835-44B7-BD56-C9B1F0C35215}.Release|x86.Build.0 = Release|Win32
		{F7885235-AF10-4614-A81A-1D2650C712DF}.Debug|x64.ActiveCfg = Debug|x64
		{F7885235-AF10-4614-A81A-1D2650C712DF}.Debug|x64.Build.0 = Debug|x64
		{F7885235-AF10-4614-A81A-1D2650C712DF}.Debug|x86.ActiveCfg = Debug|Win32
		{F7885235-AF10-4614-A81A-1D2650C712DF}.Debug|x86.Build.0 = Debug|Win32
		{F7885235-AF10-4614-A81A-1D2650C712DF}.Release|x64.ActiveCfg = Release|x64
		{F7885235-AF10-4614-A81A-1D2650C712DF}.Release|x64.Build.0 = Release|x64
		{F7885235-AF10-4614-A81A-1D2650C712DF}.Release|x86.ActiveCfg = Release|Win32
		{F7885235-AF10-4614-A81A-1D2650C712DF}.Release|x86.Build.0 = Release|Win32
		{D0A43ACF-50FC-4A00-9B07-9D43708FC7B1}.Debug|x64.ActiveCfg = Debug|x64
		{D0A43ACF-50FC-4A00-9B07-9D43708FC7B1}.Debug|x64.Build.0 = Debug|x64
		{D0A43ACF-50FC-4A00-9B07-9D43708FC7B1}.Debug|x86.ActiveCfg = Debug|Win32
		{D0A43ACF-50FC-4A00-9B07-9D43708FC7B1}.Debug|x86.Build.0 = Debug|Win32
		{D0A43ACF-50FC-4A00-9B07-9D43708FC7B1}.Release|x64.ActiveCfg = Release|x64
		{D0A43ACF-50FC-4A00-9B07-9D43708FC7B1}.Release|x64.Build.0 = Release|x64
		{D0A43ACF-50FC-4A00-9B07-9D43708FC7B1}.Release|x86.ActiveCfg = Release|Win32
		{D0A43ACF-50FC-4A00-9B07-9D43708FC7B1}.Release|x86.Build.0 = Release|Win32
		{A91740AC-4533-4222-9D80-9A9070B35812}.Debug|x64.ActiveCfg = Debug|x64
		{A91740AC-4533-4222-9D80-9A9070B35812}.Debug|x64.Build.0 = Debug|x64
		{A91740AC-4533-4222-9D80-9A9070B35812}.Debug|x86.ActiveCfg = Debug|Win32
		{A91740AC-4533-4222-9D80-9A9070B35812}.Debug|x86.Build.0 = Debug|Win32
		{A91740AC-4533-4222-9D80-9A9070B35812}.Release|x64.ActiveCfg = Release|x64
		{A91740AC-4533-4222-9D80-9A9070B35812}.Release|x64.Build.0 = Release|x64
		{A91740AC-4533-4222-9D80-9A9070B35812}.Release|x86.ActiveCfg = Release|Win32
		{A91740AC-4533-4222-9D80-9A9070B35812}.Release|x86.Build.0 = Release|Win32
		{1C3FFC96-A6E9-46B7-A266-3D1E43B8FBC4}.Debug|x64.ActiveCfg = Debug|x64
		{1C3FFC96-A6E9-46B7-A266-3D1E43B8FBC4}.Debug|x64.Build.0 = Debug|x64
		{1C3FFC96-A6E9-46B7-A266-3D1E43B8FBC4}.Debug|x86.ActiveCfg = Debug|Win32
		{1C3FFC96-A6E9-46B7-A266-3D1E43B8FBC4}.Debug|x86.Build.0 = Debug|Win32
		{1C3FFC96-A6E9-46B7-A266-3D1E43B8FBC4}.Release|x64.ActiveCfg = Release|x64
		{1C3FFC96-A6E9-46B7-A266-3D1E43B8FBC4}.Release|x64.Build.0 = Release|x64
		{1C3FFC96-A6E9-46B7-A266-3D1E43B8FBC4}.Release|x86.ActiveCfg = Release|Win32
		{1C3FFC96-A6E9-46B7-A266-3D1E43B8FBC4}.Release|x86.Build.0 = Release|Win32
	EndGlobalSection
	GlobalSection(SolutionProperties) = preSolution
		HideSolutionNode = FALSE
	EndGlobalSection
	GlobalSection(ExtensibilityGlobals) = postSolution
		SolutionGuid = {A7627C63-55CB-4757-88B3-C6F504B032C5}
	EndGlobalSection
EndGlobal
